<<<<<<< HEAD
﻿
Microsoft Visual Studio Solution File, Format Version 12.00
# Visual Studio Version 16
VisualStudioVersion = 16.0.31829.152
MinimumVisualStudioVersion = 10.0.40219.1
Project("{FAE04EC0-301F-11D3-BF4B-00C04F79EFBC}") = "Interfaz Grafica PETVET", "Interfaz Grafica PETVET\Interfaz Grafica PETVET.csproj", "{E7CCEBAD-377B-4C72-AE74-16B788DA9DEF}"
EndProject
Global
	GlobalSection(SolutionConfigurationPlatforms) = preSolution
		Debug|Any CPU = Debug|Any CPU
		Release|Any CPU = Release|Any CPU
	EndGlobalSection
	GlobalSection(ProjectConfigurationPlatforms) = postSolution
		{E7CCEBAD-377B-4C72-AE74-16B788DA9DEF}.Debug|Any CPU.ActiveCfg = Debug|Any CPU
		{E7CCEBAD-377B-4C72-AE74-16B788DA9DEF}.Debug|Any CPU.Build.0 = Debug|Any CPU
		{E7CCEBAD-377B-4C72-AE74-16B788DA9DEF}.Release|Any CPU.ActiveCfg = Release|Any CPU
		{E7CCEBAD-377B-4C72-AE74-16B788DA9DEF}.Release|Any CPU.Build.0 = Release|Any CPU
	EndGlobalSection
	GlobalSection(SolutionProperties) = preSolution
		HideSolutionNode = FALSE
	EndGlobalSection
	GlobalSection(ExtensibilityGlobals) = postSolution
		SolutionGuid = {66667870-DF07-4A2B-8A45-7C324F99CC4E}
	EndGlobalSection
EndGlobal
=======
﻿
Microsoft Visual Studio Solution File, Format Version 12.00
# Visual Studio Version 16
VisualStudioVersion = 16.0.31829.152
MinimumVisualStudioVersion = 10.0.40219.1
Project("{FAE04EC0-301F-11D3-BF4B-00C04F79EFBC}") = "Interfaz Grafica PETVET", "Interfaz Grafica PETVET\Interfaz Grafica PETVET.csproj", "{E7CCEBAD-377B-4C72-AE74-16B788DA9DEF}"
EndProject
Global
	GlobalSection(SolutionConfigurationPlatforms) = preSolution
		Debug|Any CPU = Debug|Any CPU
		Release|Any CPU = Release|Any CPU
	EndGlobalSection
	GlobalSection(ProjectConfigurationPlatforms) = postSolution
		{E7CCEBAD-377B-4C72-AE74-16B788DA9DEF}.Debug|Any CPU.ActiveCfg = Debug|Any CPU
		{E7CCEBAD-377B-4C72-AE74-16B788DA9DEF}.Debug|Any CPU.Build.0 = Debug|Any CPU
		{E7CCEBAD-377B-4C72-AE74-16B788DA9DEF}.Release|Any CPU.ActiveCfg = Release|Any CPU
		{E7CCEBAD-377B-4C72-AE74-16B788DA9DEF}.Release|Any CPU.Build.0 = Release|Any CPU
	EndGlobalSection
	GlobalSection(SolutionProperties) = preSolution
		HideSolutionNode = FALSE
	EndGlobalSection
	GlobalSection(ExtensibilityGlobals) = postSolution
		SolutionGuid = {66667870-DF07-4A2B-8A45-7C324F99CC4E}
	EndGlobalSection
EndGlobal
>>>>>>> 9205f46977a5ee96c245bfc324eade2fbf8083d3
